
Microsoft Visual Studio Solution File, Format Version 12.00
# Visual Studio Version 17
VisualStudioVersion = 17.8.34408.163
MinimumVisualStudioVersion = 10.0.40219.1
Project("{8BC9CEB8-8B4A-11D0-8D11-00A0C91BC942}") = "Lab2", "Lab2\Lab2.vcxproj", "{B33552AF-C169-4AB4-A24A-E671E12365D2}"
EndProject
Global
	GlobalSection(SolutionConfigurationPlatforms) = preSolution
		Debug|x64 = Debug|x64
		Debug|x86 = Debug|x86
		Release|x64 = Release|x64
		Release|x86 = Release|x86
	EndGlobalSection
	GlobalSection(ProjectConfigurationPlatforms) = postSolution
		{B33552AF-C169-4AB4-A24A-E671E12365D2}.Debug|x64.ActiveCfg = Debug|x64
		{B33552AF-C169-4AB4-A24A-E671E12365D2}.Debug|x64.Build.0 = Debug|x64
		{B33552AF-C169-4AB4-A24A-E671E12365D2}.Debug|x86.ActiveCfg = Debug|Win32
		{B33552AF-C169-4AB4-A24A-E671E12365D2}.Debug|x86.Build.0 = Debug|Win32
		{B33552AF-C169-4AB4-A24A-E671E12365D2}.Release|x64.ActiveCfg = Release|x64
		{B33552AF-C169-4AB4-A24A-E671E12365D2}.Release|x64.Build.0 = Release|x64
		{B33552AF-C169-4AB4-A24A-E671E12365D2}.Release|x86.ActiveCfg = Release|Win32
		{B33552AF-C169-4AB4-A24A-E671E12365D2}.Release|x86.Build.0 = Release|Win32
	EndGlobalSection
	GlobalSection(SolutionProperties) = preSolution
		HideSolutionNode = FALSE
	EndGlobalSection
	GlobalSection(ExtensibilityGlobals) = postSolution
		SolutionGuid = {FD51EBD2-CF99-4A8F-B3BA-D309CD83F6FB}
	EndGlobalSection
EndGlobal
